{
  "name": "modulo2",
  "version": "1.0.0",
  "lockfileVersion": 2,
  "requires": true,
  "packages": {
    "": {
      "name": "modulo2",
      "version": "1.0.0",
      "license": "ISC",
      "dependencies": {
        "pokemon-sprites": "github:PokeAPI/sprites"
      }
    },
    "node_modules/pokemon-sprites": {
      "version": "1.0.0",
      "resolved": "git+ssh://git@github.com/PokeAPI/sprites.git#75569c97b9d26c2103f6c3d75772fabe755bbd1e",
      "license": "ISC"
    }
  },
  "dependencies": {
    "pokemon-sprites": {
      "version": "git+ssh://git@github.com/PokeAPI/sprites.git#75569c97b9d26c2103f6c3d75772fabe755bbd1e",
      "from": "pokemon-sprites@github:PokeAPI/sprites"
    }
  }
}
